
Microsoft Visual Studio Solution File, Format Version 12.00
# Visual Studio Version 16
VisualStudioVersion = 16.0.31005.135
MinimumVisualStudioVersion = 10.0.40219.1
Project("{FAE04EC0-301F-11D3-BF4B-00C04F79EFBC}") = "PaymentService", "PaymentService\PaymentService.csproj", "{520FCFC2-4A20-4655-9E3B-DD36CD05909C}"
EndProject
Project("{FAE04EC0-301F-11D3-BF4B-00C04F79EFBC}") = "Payment.Core", "Payment.Core\Payment.Core.csproj", "{3BF94D52-53EF-4A89-9BD8-43E8A59DDFB1}"
EndProject
Global
	GlobalSection(SolutionConfigurationPlatforms) = preSolution
		Debug|Any CPU = Debug|Any CPU
		Release|Any CPU = Release|Any CPU
	EndGlobalSection
	GlobalSection(ProjectConfigurationPlatforms) = postSolution
		{520FCFC2-4A20-4655-9E3B-DD36CD05909C}.Debug|Any CPU.ActiveCfg = Debug|Any CPU
		{520FCFC2-4A20-4655-9E3B-DD36CD05909C}.Debug|Any CPU.Build.0 = Debug|Any CPU
		{520FCFC2-4A20-4655-9E3B-DD36CD05909C}.Release|Any CPU.ActiveCfg = Release|Any CPU
		{520FCFC2-4A20-4655-9E3B-DD36CD05909C}.Release|Any CPU.Build.0 = Release|Any CPU
		{3BF94D52-53EF-4A89-9BD8-43E8A59DDFB1}.Debug|Any CPU.ActiveCfg = Debug|Any CPU
		{3BF94D52-53EF-4A89-9BD8-43E8A59DDFB1}.Debug|Any CPU.Build.0 = Debug|Any CPU
		{3BF94D52-53EF-4A89-9BD8-43E8A59DDFB1}.Release|Any CPU.ActiveCfg = Release|Any CPU
		{3BF94D52-53EF-4A89-9BD8-43E8A59DDFB1}.Release|Any CPU.Build.0 = Release|Any CPU
	EndGlobalSection
	GlobalSection(SolutionProperties) = preSolution
		HideSolutionNode = FALSE
	EndGlobalSection
	GlobalSection(ExtensibilityGlobals) = postSolution
		SolutionGuid = {AFD94EF9-953E-4AAA-ACFC-A1B8B6A041FA}
	EndGlobalSection
EndGlobal
